
Microsoft Visual Studio Solution File, Format Version 12.00
# Visual Studio Version 17
VisualStudioVersion = 17.7.34221.43
MinimumVisualStudioVersion = 10.0.40219.1
Project("{FAE04EC0-301F-11D3-BF4B-00C04F79EFBC}") = "resol-exercicios1-estrutura-sequencial", "resol-exercicios1-estrutura-sequencial.csproj", "{3BDC8085-CCE7-458A-95CA-654CADD73917}"
EndProject
Global
	GlobalSection(SolutionConfigurationPlatforms) = preSolution
		Debug|Any CPU = Debug|Any CPU
		Release|Any CPU = Release|Any CPU
	EndGlobalSection
	GlobalSection(ProjectConfigurationPlatforms) = postSolution
		{3BDC8085-CCE7-458A-95CA-654CADD73917}.Debug|Any CPU.ActiveCfg = Debug|Any CPU
		{3BDC8085-CCE7-458A-95CA-654CADD73917}.Debug|Any CPU.Build.0 = Debug|Any CPU
		{3BDC8085-CCE7-458A-95CA-654CADD73917}.Release|Any CPU.ActiveCfg = Release|Any CPU
		{3BDC8085-CCE7-458A-95CA-654CADD73917}.Release|Any CPU.Build.0 = Release|Any CPU
	EndGlobalSection
	GlobalSection(SolutionProperties) = preSolution
		HideSolutionNode = FALSE
	EndGlobalSection
	GlobalSection(ExtensibilityGlobals) = postSolution
		SolutionGuid = {BDC3B184-FCB0-4E48-89D1-6D554732CB5B}
	EndGlobalSection
EndGlobal
